
Microsoft Visual Studio Solution File, Format Version 12.00
# Visual Studio Version 17
VisualStudioVersion = 17.1.32407.343
MinimumVisualStudioVersion = 10.0.40219.1
Project("{FAE04EC0-301F-11D3-BF4B-00C04F79EFBC}") = "Data Structures", "Data Structures\Data Structures.csproj", "{02E12B51-1C78-41C3-9F88-A7D0B59EECBB}"
EndProject
Project("{FAE04EC0-301F-11D3-BF4B-00C04F79EFBC}") = "Generics", "Generics\Generics.csproj", "{0266AB03-6F68-4531-B6A6-CA60F709607E}"
EndProject
Global
	GlobalSection(SolutionConfigurationPlatforms) = preSolution
		Debug|Any CPU = Debug|Any CPU
		Release|Any CPU = Release|Any CPU
	EndGlobalSection
	GlobalSection(ProjectConfigurationPlatforms) = postSolution
		{02E12B51-1C78-41C3-9F88-A7D0B59EECBB}.Debug|Any CPU.ActiveCfg = Debug|Any CPU
		{02E12B51-1C78-41C3-9F88-A7D0B59EECBB}.Debug|Any CPU.Build.0 = Debug|Any CPU
		{02E12B51-1C78-41C3-9F88-A7D0B59EECBB}.Release|Any CPU.ActiveCfg = Release|Any CPU
		{02E12B51-1C78-41C3-9F88-A7D0B59EECBB}.Release|Any CPU.Build.0 = Release|Any CPU
		{0266AB03-6F68-4531-B6A6-CA60F709607E}.Debug|Any CPU.ActiveCfg = Debug|Any CPU
		{0266AB03-6F68-4531-B6A6-CA60F709607E}.Debug|Any CPU.Build.0 = Debug|Any CPU
		{0266AB03-6F68-4531-B6A6-CA60F709607E}.Release|Any CPU.ActiveCfg = Release|Any CPU
		{0266AB03-6F68-4531-B6A6-CA60F709607E}.Release|Any CPU.Build.0 = Release|Any CPU
	EndGlobalSection
	GlobalSection(SolutionProperties) = preSolution
		HideSolutionNode = FALSE
	EndGlobalSection
	GlobalSection(ExtensibilityGlobals) = postSolution
		SolutionGuid = {5FA05304-7959-4C0C-8AB4-C437ADFA305E}
	EndGlobalSection
EndGlobal
